
Microsoft Visual Studio Solution File, Format Version 12.00
# Visual Studio Version 17
VisualStudioVersion = 17.0.31903.59
MinimumVisualStudioVersion = 10.0.40219.1
Project("{2150E333-8FDC-42A3-9474-1A3956D46DE8}") = "Client", "Client", "{2CB42F12-E813-91B3-7D11-3220E40BEF4A}"
EndProject
Project("{FAE04EC0-301F-11D3-BF4B-00C04F79EFBC}") = "BlazorApp", "Client\BlazorApp\BlazorApp.csproj", "{C389EB78-5948-4369-B56A-ABAEC9476376}"
EndProject
Project("{2150E333-8FDC-42A3-9474-1A3956D46DE8}") = "Server", "Server", "{DAD03CFC-D5FA-AC94-41C7-9ABAB326F09E}"
EndProject
Project("{FAE04EC0-301F-11D3-BF4B-00C04F79EFBC}") = "CLI", "Server\CLI\CLI.csproj", "{81E9C546-B5FD-4B14-A393-6F2D56D2B8DD}"
EndProject
Project("{FAE04EC0-301F-11D3-BF4B-00C04F79EFBC}") = "Entities", "Server\Entities\Entities.csproj", "{2301C491-4AC6-4E0C-B797-7E6A7AAAE395}"
EndProject
Project("{FAE04EC0-301F-11D3-BF4B-00C04F79EFBC}") = "FileRepositories", "Server\FileRepositories\FileRepositories.csproj", "{EDB9EDFD-24F9-4C88-9F0A-E874FEA0F070}"
EndProject
Project("{FAE04EC0-301F-11D3-BF4B-00C04F79EFBC}") = "RepositoryContracts", "Server\RepositoryContracts\RepositoryContracts.csproj", "{730637D3-1358-40CF-8B0F-796E1EF58074}"
EndProject
Project("{FAE04EC0-301F-11D3-BF4B-00C04F79EFBC}") = "InMemoryRepositories", "Server\InMemoryRepositories\InMemoryRepositories.csproj", "{931FA2A3-7840-4039-9912-CFCDF46C0B22}"
EndProject
Project("{FAE04EC0-301F-11D3-BF4B-00C04F79EFBC}") = "WebAPI", "Server\WebAPI\WebAPI.csproj", "{7B3F6939-7E50-42C9-9529-7AD49A9A8948}"
EndProject
Project("{2150E333-8FDC-42A3-9474-1A3956D46DE8}") = "Shared", "Shared", "{4F52FD11-658E-A102-6CD3-7D7C16FFA15B}"
EndProject
Project("{FAE04EC0-301F-11D3-BF4B-00C04F79EFBC}") = "DTOs", "Shared\DTOs\DTOs.csproj", "{8B5BEE67-6DD3-42C1-896C-897E7D4EADCE}"
EndProject
Project("{FAE04EC0-301F-11D3-BF4B-00C04F79EFBC}") = "EfcRepositories", "Server\EfcRepositories\EfcRepositories.csproj", "{001A5A89-91E7-4C77-908C-8D76CAAF9A6B}"
EndProject
Global
	GlobalSection(SolutionConfigurationPlatforms) = preSolution
		Debug|Any CPU = Debug|Any CPU
		Debug|x64 = Debug|x64
		Debug|x86 = Debug|x86
		Release|Any CPU = Release|Any CPU
		Release|x64 = Release|x64
		Release|x86 = Release|x86
	EndGlobalSection
	GlobalSection(ProjectConfigurationPlatforms) = postSolution
		{C389EB78-5948-4369-B56A-ABAEC9476376}.Debug|Any CPU.ActiveCfg = Debug|Any CPU
		{C389EB78-5948-4369-B56A-ABAEC9476376}.Debug|Any CPU.Build.0 = Debug|Any CPU
		{C389EB78-5948-4369-B56A-ABAEC9476376}.Debug|x64.ActiveCfg = Debug|Any CPU
		{C389EB78-5948-4369-B56A-ABAEC9476376}.Debug|x64.Build.0 = Debug|Any CPU
		{C389EB78-5948-4369-B56A-ABAEC9476376}.Debug|x86.ActiveCfg = Debug|Any CPU
		{C389EB78-5948-4369-B56A-ABAEC9476376}.Debug|x86.Build.0 = Debug|Any CPU
		{C389EB78-5948-4369-B56A-ABAEC9476376}.Release|Any CPU.ActiveCfg = Release|Any CPU
		{C389EB78-5948-4369-B56A-ABAEC9476376}.Release|Any CPU.Build.0 = Release|Any CPU
		{C389EB78-5948-4369-B56A-ABAEC9476376}.Release|x64.ActiveCfg = Release|Any CPU
		{C389EB78-5948-4369-B56A-ABAEC9476376}.Release|x64.Build.0 = Release|Any CPU
		{C389EB78-5948-4369-B56A-ABAEC9476376}.Release|x86.ActiveCfg = Release|Any CPU
		{C389EB78-5948-4369-B56A-ABAEC9476376}.Release|x86.Build.0 = Release|Any CPU
		{81E9C546-B5FD-4B14-A393-6F2D56D2B8DD}.Debug|Any CPU.ActiveCfg = Debug|Any CPU
		{81E9C546-B5FD-4B14-A393-6F2D56D2B8DD}.Debug|Any CPU.Build.0 = Debug|Any CPU
		{81E9C546-B5FD-4B14-A393-6F2D56D2B8DD}.Debug|x64.ActiveCfg = Debug|Any CPU
		{81E9C546-B5FD-4B14-A393-6F2D56D2B8DD}.Debug|x64.Build.0 = Debug|Any CPU
		{81E9C546-B5FD-4B14-A393-6F2D56D2B8DD}.Debug|x86.ActiveCfg = Debug|Any CPU
		{81E9C546-B5FD-4B14-A393-6F2D56D2B8DD}.Debug|x86.Build.0 = Debug|Any CPU
		{81E9C546-B5FD-4B14-A393-6F2D56D2B8DD}.Release|Any CPU.ActiveCfg = Release|Any CPU
		{81E9C546-B5FD-4B14-A393-6F2D56D2B8DD}.Release|Any CPU.Build.0 = Release|Any CPU
		{81E9C546-B5FD-4B14-A393-6F2D56D2B8DD}.Release|x64.ActiveCfg = Release|Any CPU
		{81E9C546-B5FD-4B14-A393-6F2D56D2B8DD}.Release|x64.Build.0 = Release|Any CPU
		{81E9C546-B5FD-4B14-A393-6F2D56D2B8DD}.Release|x86.ActiveCfg = Release|Any CPU
		{81E9C546-B5FD-4B14-A393-6F2D56D2B8DD}.Release|x86.Build.0 = Release|Any CPU
		{2301C491-4AC6-4E0C-B797-7E6A7AAAE395}.Debug|Any CPU.ActiveCfg = Debug|Any CPU
		{2301C491-4AC6-4E0C-B797-7E6A7AAAE395}.Debug|Any CPU.Build.0 = Debug|Any CPU
		{2301C491-4AC6-4E0C-B797-7E6A7AAAE395}.Debug|x64.ActiveCfg = Debug|Any CPU
		{2301C491-4AC6-4E0C-B797-7E6A7AAAE395}.Debug|x64.Build.0 = Debug|Any CPU
		{2301C491-4AC6-4E0C-B797-7E6A7AAAE395}.Debug|x86.ActiveCfg = Debug|Any CPU
		{2301C491-4AC6-4E0C-B797-7E6A7AAAE395}.Debug|x86.Build.0 = Debug|Any CPU
		{2301C491-4AC6-4E0C-B797-7E6A7AAAE395}.Release|Any CPU.ActiveCfg = Release|Any CPU
		{2301C491-4AC6-4E0C-B797-7E6A7AAAE395}.Release|Any CPU.Build.0 = Release|Any CPU
		{2301C491-4AC6-4E0C-B797-7E6A7AAAE395}.Release|x64.ActiveCfg = Release|Any CPU
		{2301C491-4AC6-4E0C-B797-7E6A7AAAE395}.Release|x64.Build.0 = Release|Any CPU
		{2301C491-4AC6-4E0C-B797-7E6A7AAAE395}.Release|x86.ActiveCfg = Release|Any CPU
		{2301C491-4AC6-4E0C-B797-7E6A7AAAE395}.Release|x86.Build.0 = Release|Any CPU
		{EDB9EDFD-24F9-4C88-9F0A-E874FEA0F070}.Debug|Any CPU.ActiveCfg = Debug|Any CPU
		{EDB9EDFD-24F9-4C88-9F0A-E874FEA0F070}.Debug|Any CPU.Build.0 = Debug|Any CPU
		{EDB9EDFD-24F9-4C88-9F0A-E874FEA0F070}.Debug|x64.ActiveCfg = Debug|Any CPU
		{EDB9EDFD-24F9-4C88-9F0A-E874FEA0F070}.Debug|x64.Build.0 = Debug|Any CPU
		{EDB9EDFD-24F9-4C88-9F0A-E874FEA0F070}.Debug|x86.ActiveCfg = Debug|Any CPU
		{EDB9EDFD-24F9-4C88-9F0A-E874FEA0F070}.Debug|x86.Build.0 = Debug|Any CPU
		{EDB9EDFD-24F9-4C88-9F0A-E874FEA0F070}.Release|Any CPU.ActiveCfg = Release|Any CPU
		{EDB9EDFD-24F9-4C88-9F0A-E874FEA0F070}.Release|Any CPU.Build.0 = Release|Any CPU
		{EDB9EDFD-24F9-4C88-9F0A-E874FEA0F070}.Release|x64.ActiveCfg = Release|Any CPU
		{EDB9EDFD-24F9-4C88-9F0A-E874FEA0F070}.Release|x64.Build.0 = Release|Any CPU
		{EDB9EDFD-24F9-4C88-9F0A-E874FEA0F070}.Release|x86.ActiveCfg = Release|Any CPU
		{EDB9EDFD-24F9-4C88-9F0A-E874FEA0F070}.Release|x86.Build.0 = Release|Any CPU
		{730637D3-1358-40CF-8B0F-796E1EF58074}.Debug|Any CPU.ActiveCfg = Debug|Any CPU
		{730637D3-1358-40CF-8B0F-796E1EF58074}.Debug|Any CPU.Build.0 = Debug|Any CPU
		{730637D3-1358-40CF-8B0F-796E1EF58074}.Debug|x64.ActiveCfg = Debug|Any CPU
		{730637D3-1358-40CF-8B0F-796E1EF58074}.Debug|x64.Build.0 = Debug|Any CPU
		{730637D3-1358-40CF-8B0F-796E1EF58074}.Debug|x86.ActiveCfg = Debug|Any CPU
		{730637D3-1358-40CF-8B0F-796E1EF58074}.Debug|x86.Build.0 = Debug|Any CPU
		{730637D3-1358-40CF-8B0F-796E1EF58074}.Release|Any CPU.ActiveCfg = Release|Any CPU
		{730637D3-1358-40CF-8B0F-796E1EF58074}.Release|Any CPU.Build.0 = Release|Any CPU
		{730637D3-1358-40CF-8B0F-796E1EF58074}.Release|x64.ActiveCfg = Release|Any CPU
		{730637D3-1358-40CF-8B0F-796E1EF58074}.Release|x64.Build.0 = Release|Any CPU
		{730637D3-1358-40CF-8B0F-796E1EF58074}.Release|x86.ActiveCfg = Release|Any CPU
		{730637D3-1358-40CF-8B0F-796E1EF58074}.Release|x86.Build.0 = Release|Any CPU
		{931FA2A3-7840-4039-9912-CFCDF46C0B22}.Debug|Any CPU.ActiveCfg = Debug|Any CPU
		{931FA2A3-7840-4039-9912-CFCDF46C0B22}.Debug|Any CPU.Build.0 = Debug|Any CPU
		{931FA2A3-7840-4039-9912-CFCDF46C0B22}.Debug|x64.ActiveCfg = Debug|Any CPU
		{931FA2A3-7840-4039-9912-CFCDF46C0B22}.Debug|x64.Build.0 = Debug|Any CPU
		{931FA2A3-7840-4039-9912-CFCDF46C0B22}.Debug|x86.ActiveCfg = Debug|Any CPU
		{931FA2A3-7840-4039-9912-CFCDF46C0B22}.Debug|x86.Build.0 = Debug|Any CPU
		{931FA2A3-7840-4039-9912-CFCDF46C0B22}.Release|Any CPU.ActiveCfg = Release|Any CPU
		{931FA2A3-7840-4039-9912-CFCDF46C0B22}.Release|Any CPU.Build.0 = Release|Any CPU
		{931FA2A3-7840-4039-9912-CFCDF46C0B22}.Release|x64.ActiveCfg = Release|Any CPU
		{931FA2A3-7840-4039-9912-CFCDF46C0B22}.Release|x64.Build.0 = Release|Any CPU
		{931FA2A3-7840-4039-9912-CFCDF46C0B22}.Release|x86.ActiveCfg = Release|Any CPU
		{931FA2A3-7840-4039-9912-CFCDF46C0B22}.Release|x86.Build.0 = Release|Any CPU
		{7B3F6939-7E50-42C9-9529-7AD49A9A8948}.Debug|Any CPU.ActiveCfg = Debug|Any CPU
		{7B3F6939-7E50-42C9-9529-7AD49A9A8948}.Debug|Any CPU.Build.0 = Debug|Any CPU
		{7B3F6939-7E50-42C9-9529-7AD49A9A8948}.Debug|x64.ActiveCfg = Debug|Any CPU
		{7B3F6939-7E50-42C9-9529-7AD49A9A8948}.Debug|x64.Build.0 = Debug|Any CPU
		{7B3F6939-7E50-42C9-9529-7AD49A9A8948}.Debug|x86.ActiveCfg = Debug|Any CPU
		{7B3F6939-7E50-42C9-9529-7AD49A9A8948}.Debug|x86.Build.0 = Debug|Any CPU
		{7B3F6939-7E50-42C9-9529-7AD49A9A8948}.Release|Any CPU.ActiveCfg = Release|Any CPU
		{7B3F6939-7E50-42C9-9529-7AD49A9A8948}.Release|Any CPU.Build.0 = Release|Any CPU
		{7B3F6939-7E50-42C9-9529-7AD49A9A8948}.Release|x64.ActiveCfg = Release|Any CPU
		{7B3F6939-7E50-42C9-9529-7AD49A9A8948}.Release|x64.Build.0 = Release|Any CPU
		{7B3F6939-7E50-42C9-9529-7AD49A9A8948}.Release|x86.ActiveCfg = Release|Any CPU
		{7B3F6939-7E50-42C9-9529-7AD49A9A8948}.Release|x86.Build.0 = Release|Any CPU
		{8B5BEE67-6DD3-42C1-896C-897E7D4EADCE}.Debug|Any CPU.ActiveCfg = Debug|Any CPU
		{8B5BEE67-6DD3-42C1-896C-897E7D4EADCE}.Debug|Any CPU.Build.0 = Debug|Any CPU
		{8B5BEE67-6DD3-42C1-896C-897E7D4EADCE}.Debug|x64.ActiveCfg = Debug|Any CPU
		{8B5BEE67-6DD3-42C1-896C-897E7D4EADCE}.Debug|x64.Build.0 = Debug|Any CPU
		{8B5BEE67-6DD3-42C1-896C-897E7D4EADCE}.Debug|x86.ActiveCfg = Debug|Any CPU
		{8B5BEE67-6DD3-42C1-896C-897E7D4EADCE}.Debug|x86.Build.0 = Debug|Any CPU
		{8B5BEE67-6DD3-42C1-896C-897E7D4EADCE}.Release|Any CPU.ActiveCfg = Release|Any CPU
		{8B5BEE67-6DD3-42C1-896C-897E7D4EADCE}.Release|Any CPU.Build.0 = Release|Any CPU
		{8B5BEE67-6DD3-42C1-896C-897E7D4EADCE}.Release|x64.ActiveCfg = Release|Any CPU
		{8B5BEE67-6DD3-42C1-896C-897E7D4EADCE}.Release|x64.Build.0 = Release|Any CPU
		{8B5BEE67-6DD3-42C1-896C-897E7D4EADCE}.Release|x86.ActiveCfg = Release|Any CPU
		{8B5BEE67-6DD3-42C1-896C-897E7D4EADCE}.Release|x86.Build.0 = Release|Any CPU
		{001A5A89-91E7-4C77-908C-8D76CAAF9A6B}.Debug|Any CPU.ActiveCfg = Debug|Any CPU
		{001A5A89-91E7-4C77-908C-8D76CAAF9A6B}.Debug|Any CPU.Build.0 = Debug|Any CPU
		{001A5A89-91E7-4C77-908C-8D76CAAF9A6B}.Debug|x64.ActiveCfg = Debug|Any CPU
		{001A5A89-91E7-4C77-908C-8D76CAAF9A6B}.Debug|x64.Build.0 = Debug|Any CPU
		{001A5A89-91E7-4C77-908C-8D76CAAF9A6B}.Debug|x86.ActiveCfg = Debug|Any CPU
		{001A5A89-91E7-4C77-908C-8D76CAAF9A6B}.Debug|x86.Build.0 = Debug|Any CPU
		{001A5A89-91E7-4C77-908C-8D76CAAF9A6B}.Release|Any CPU.ActiveCfg = Release|Any CPU
		{001A5A89-91E7-4C77-908C-8D76CAAF9A6B}.Release|Any CPU.Build.0 = Release|Any CPU
		{001A5A89-91E7-4C77-908C-8D76CAAF9A6B}.Release|x64.ActiveCfg = Release|Any CPU
		{001A5A89-91E7-4C77-908C-8D76CAAF9A6B}.Release|x64.Build.0 = Release|Any CPU
		{001A5A89-91E7-4C77-908C-8D76CAAF9A6B}.Release|x86.ActiveCfg = Release|Any CPU
		{001A5A89-91E7-4C77-908C-8D76CAAF9A6B}.Release|x86.Build.0 = Release|Any CPU
	EndGlobalSection
	GlobalSection(SolutionProperties) = preSolution
		HideSolutionNode = FALSE
	EndGlobalSection
	GlobalSection(NestedProjects) = preSolution
		{C389EB78-5948-4369-B56A-ABAEC9476376} = {2CB42F12-E813-91B3-7D11-3220E40BEF4A}
		{81E9C546-B5FD-4B14-A393-6F2D56D2B8DD} = {DAD03CFC-D5FA-AC94-41C7-9ABAB326F09E}
		{2301C491-4AC6-4E0C-B797-7E6A7AAAE395} = {DAD03CFC-D5FA-AC94-41C7-9ABAB326F09E}
		{EDB9EDFD-24F9-4C88-9F0A-E874FEA0F070} = {DAD03CFC-D5FA-AC94-41C7-9ABAB326F09E}
		{730637D3-1358-40CF-8B0F-796E1EF58074} = {DAD03CFC-D5FA-AC94-41C7-9ABAB326F09E}
		{931FA2A3-7840-4039-9912-CFCDF46C0B22} = {DAD03CFC-D5FA-AC94-41C7-9ABAB326F09E}
		{7B3F6939-7E50-42C9-9529-7AD49A9A8948} = {DAD03CFC-D5FA-AC94-41C7-9ABAB326F09E}
		{8B5BEE67-6DD3-42C1-896C-897E7D4EADCE} = {4F52FD11-658E-A102-6CD3-7D7C16FFA15B}
		{001A5A89-91E7-4C77-908C-8D76CAAF9A6B} = {DAD03CFC-D5FA-AC94-41C7-9ABAB326F09E}
	EndGlobalSection
EndGlobal
