
Microsoft Visual Studio Solution File, Format Version 12.00
# Visual Studio Version 17
VisualStudioVersion = 17.0.31903.59
MinimumVisualStudioVersion = 10.0.40219.1
Project("{2150E333-8FDC-42A3-9474-1A3956D46DE8}") = "Server", "Server", "{DAD03CFC-D5FA-AC94-41C7-9ABAB326F09E}"
EndProject
Project("{FAE04EC0-301F-11D3-BF4B-00C04F79EFBC}") = "Entities", "Server\Entities\Entities.csproj", "{4D55CCE7-114D-4E46-9D64-558ABCAAD7D1}"
EndProject
Project("{FAE04EC0-301F-11D3-BF4B-00C04F79EFBC}") = "RepositoryContracts", "Server\RepositoryContracts\RepositoryContracts.csproj", "{4CEACDBD-C5B7-4079-A2B5-12815578F761}"
EndProject
Project("{FAE04EC0-301F-11D3-BF4B-00C04F79EFBC}") = "InMemoryRepositories", "Server\InMemoryRepositories\InMemoryRepositories.csproj", "{34202EFF-1F6B-4D8F-883E-AC503408ED75}"
EndProject
Project("{FAE04EC0-301F-11D3-BF4B-00C04F79EFBC}") = "CLI", "Server\CLI\CLI.csproj", "{BFB526BF-B96F-4D72-BA79-34C57AA3B81B}"
EndProject
Project("{FAE04EC0-301F-11D3-BF4B-00C04F79EFBC}") = "FileRepositories", "Server\FileRepositories\FileRepositories.csproj", "{51EDBCF5-AF84-4210-B432-85FCB9A50108}"
EndProject
Project("{2150E333-8FDC-42A3-9474-1A3956D46DE8}") = "Shared", "Shared", "{4F52FD11-658E-A102-6CD3-7D7C16FFA15B}"
EndProject
Project("{FAE04EC0-301F-11D3-BF4B-00C04F79EFBC}") = "DTOs", "Shared\DTOs\DTOs.csproj", "{74880343-FD46-41CD-85AF-9004F225C9EE}"
EndProject
Project("{FAE04EC0-301F-11D3-BF4B-00C04F79EFBC}") = "WebAPI", "Server\WebAPI\WebAPI.csproj", "{F8E6704B-1587-499C-AE3B-EB8259543E10}"
EndProject
Global
	GlobalSection(SolutionConfigurationPlatforms) = preSolution
		Debug|Any CPU = Debug|Any CPU
		Debug|x64 = Debug|x64
		Debug|x86 = Debug|x86
		Release|Any CPU = Release|Any CPU
		Release|x64 = Release|x64
		Release|x86 = Release|x86
	EndGlobalSection
	GlobalSection(ProjectConfigurationPlatforms) = postSolution
		{4D55CCE7-114D-4E46-9D64-558ABCAAD7D1}.Debug|Any CPU.ActiveCfg = Debug|Any CPU
		{4D55CCE7-114D-4E46-9D64-558ABCAAD7D1}.Debug|Any CPU.Build.0 = Debug|Any CPU
		{4D55CCE7-114D-4E46-9D64-558ABCAAD7D1}.Debug|x64.ActiveCfg = Debug|Any CPU
		{4D55CCE7-114D-4E46-9D64-558ABCAAD7D1}.Debug|x64.Build.0 = Debug|Any CPU
		{4D55CCE7-114D-4E46-9D64-558ABCAAD7D1}.Debug|x86.ActiveCfg = Debug|Any CPU
		{4D55CCE7-114D-4E46-9D64-558ABCAAD7D1}.Debug|x86.Build.0 = Debug|Any CPU
		{4D55CCE7-114D-4E46-9D64-558ABCAAD7D1}.Release|Any CPU.ActiveCfg = Release|Any CPU
		{4D55CCE7-114D-4E46-9D64-558ABCAAD7D1}.Release|Any CPU.Build.0 = Release|Any CPU
		{4D55CCE7-114D-4E46-9D64-558ABCAAD7D1}.Release|x64.ActiveCfg = Release|Any CPU
		{4D55CCE7-114D-4E46-9D64-558ABCAAD7D1}.Release|x64.Build.0 = Release|Any CPU
		{4D55CCE7-114D-4E46-9D64-558ABCAAD7D1}.Release|x86.ActiveCfg = Release|Any CPU
		{4D55CCE7-114D-4E46-9D64-558ABCAAD7D1}.Release|x86.Build.0 = Release|Any CPU
		{4CEACDBD-C5B7-4079-A2B5-12815578F761}.Debug|Any CPU.ActiveCfg = Debug|Any CPU
		{4CEACDBD-C5B7-4079-A2B5-12815578F761}.Debug|Any CPU.Build.0 = Debug|Any CPU
		{4CEACDBD-C5B7-4079-A2B5-12815578F761}.Debug|x64.ActiveCfg = Debug|Any CPU
		{4CEACDBD-C5B7-4079-A2B5-12815578F761}.Debug|x64.Build.0 = Debug|Any CPU
		{4CEACDBD-C5B7-4079-A2B5-12815578F761}.Debug|x86.ActiveCfg = Debug|Any CPU
		{4CEACDBD-C5B7-4079-A2B5-12815578F761}.Debug|x86.Build.0 = Debug|Any CPU
		{4CEACDBD-C5B7-4079-A2B5-12815578F761}.Release|Any CPU.ActiveCfg = Release|Any CPU
		{4CEACDBD-C5B7-4079-A2B5-12815578F761}.Release|Any CPU.Build.0 = Release|Any CPU
		{4CEACDBD-C5B7-4079-A2B5-12815578F761}.Release|x64.ActiveCfg = Release|Any CPU
		{4CEACDBD-C5B7-4079-A2B5-12815578F761}.Release|x64.Build.0 = Release|Any CPU
		{4CEACDBD-C5B7-4079-A2B5-12815578F761}.Release|x86.ActiveCfg = Release|Any CPU
		{4CEACDBD-C5B7-4079-A2B5-12815578F761}.Release|x86.Build.0 = Release|Any CPU
		{34202EFF-1F6B-4D8F-883E-AC503408ED75}.Debug|Any CPU.ActiveCfg = Debug|Any CPU
		{34202EFF-1F6B-4D8F-883E-AC503408ED75}.Debug|Any CPU.Build.0 = Debug|Any CPU
		{34202EFF-1F6B-4D8F-883E-AC503408ED75}.Debug|x64.ActiveCfg = Debug|Any CPU
		{34202EFF-1F6B-4D8F-883E-AC503408ED75}.Debug|x64.Build.0 = Debug|Any CPU
		{34202EFF-1F6B-4D8F-883E-AC503408ED75}.Debug|x86.ActiveCfg = Debug|Any CPU
		{34202EFF-1F6B-4D8F-883E-AC503408ED75}.Debug|x86.Build.0 = Debug|Any CPU
		{34202EFF-1F6B-4D8F-883E-AC503408ED75}.Release|Any CPU.ActiveCfg = Release|Any CPU
		{34202EFF-1F6B-4D8F-883E-AC503408ED75}.Release|Any CPU.Build.0 = Release|Any CPU
		{34202EFF-1F6B-4D8F-883E-AC503408ED75}.Release|x64.ActiveCfg = Release|Any CPU
		{34202EFF-1F6B-4D8F-883E-AC503408ED75}.Release|x64.Build.0 = Release|Any CPU
		{34202EFF-1F6B-4D8F-883E-AC503408ED75}.Release|x86.ActiveCfg = Release|Any CPU
		{34202EFF-1F6B-4D8F-883E-AC503408ED75}.Release|x86.Build.0 = Release|Any CPU
		{BFB526BF-B96F-4D72-BA79-34C57AA3B81B}.Debug|Any CPU.ActiveCfg = Debug|Any CPU
		{BFB526BF-B96F-4D72-BA79-34C57AA3B81B}.Debug|Any CPU.Build.0 = Debug|Any CPU
		{BFB526BF-B96F-4D72-BA79-34C57AA3B81B}.Debug|x64.ActiveCfg = Debug|Any CPU
		{BFB526BF-B96F-4D72-BA79-34C57AA3B81B}.Debug|x64.Build.0 = Debug|Any CPU
		{BFB526BF-B96F-4D72-BA79-34C57AA3B81B}.Debug|x86.ActiveCfg = Debug|Any CPU
		{BFB526BF-B96F-4D72-BA79-34C57AA3B81B}.Debug|x86.Build.0 = Debug|Any CPU
		{BFB526BF-B96F-4D72-BA79-34C57AA3B81B}.Release|Any CPU.ActiveCfg = Release|Any CPU
		{BFB526BF-B96F-4D72-BA79-34C57AA3B81B}.Release|Any CPU.Build.0 = Release|Any CPU
		{BFB526BF-B96F-4D72-BA79-34C57AA3B81B}.Release|x64.ActiveCfg = Release|Any CPU
		{BFB526BF-B96F-4D72-BA79-34C57AA3B81B}.Release|x64.Build.0 = Release|Any CPU
		{BFB526BF-B96F-4D72-BA79-34C57AA3B81B}.Release|x86.ActiveCfg = Release|Any CPU
		{BFB526BF-B96F-4D72-BA79-34C57AA3B81B}.Release|x86.Build.0 = Release|Any CPU
		{51EDBCF5-AF84-4210-B432-85FCB9A50108}.Debug|Any CPU.ActiveCfg = Debug|Any CPU
		{51EDBCF5-AF84-4210-B432-85FCB9A50108}.Debug|Any CPU.Build.0 = Debug|Any CPU
		{51EDBCF5-AF84-4210-B432-85FCB9A50108}.Debug|x64.ActiveCfg = Debug|Any CPU
		{51EDBCF5-AF84-4210-B432-85FCB9A50108}.Debug|x64.Build.0 = Debug|Any CPU
		{51EDBCF5-AF84-4210-B432-85FCB9A50108}.Debug|x86.ActiveCfg = Debug|Any CPU
		{51EDBCF5-AF84-4210-B432-85FCB9A50108}.Debug|x86.Build.0 = Debug|Any CPU
		{51EDBCF5-AF84-4210-B432-85FCB9A50108}.Release|Any CPU.ActiveCfg = Release|Any CPU
		{51EDBCF5-AF84-4210-B432-85FCB9A50108}.Release|Any CPU.Build.0 = Release|Any CPU
		{51EDBCF5-AF84-4210-B432-85FCB9A50108}.Release|x64.ActiveCfg = Release|Any CPU
		{51EDBCF5-AF84-4210-B432-85FCB9A50108}.Release|x64.Build.0 = Release|Any CPU
		{51EDBCF5-AF84-4210-B432-85FCB9A50108}.Release|x86.ActiveCfg = Release|Any CPU
		{51EDBCF5-AF84-4210-B432-85FCB9A50108}.Release|x86.Build.0 = Release|Any CPU
		{74880343-FD46-41CD-85AF-9004F225C9EE}.Debug|Any CPU.ActiveCfg = Debug|Any CPU
		{74880343-FD46-41CD-85AF-9004F225C9EE}.Debug|Any CPU.Build.0 = Debug|Any CPU
		{74880343-FD46-41CD-85AF-9004F225C9EE}.Debug|x64.ActiveCfg = Debug|Any CPU
		{74880343-FD46-41CD-85AF-9004F225C9EE}.Debug|x64.Build.0 = Debug|Any CPU
		{74880343-FD46-41CD-85AF-9004F225C9EE}.Debug|x86.ActiveCfg = Debug|Any CPU
		{74880343-FD46-41CD-85AF-9004F225C9EE}.Debug|x86.Build.0 = Debug|Any CPU
		{74880343-FD46-41CD-85AF-9004F225C9EE}.Release|Any CPU.ActiveCfg = Release|Any CPU
		{74880343-FD46-41CD-85AF-9004F225C9EE}.Release|Any CPU.Build.0 = Release|Any CPU
		{74880343-FD46-41CD-85AF-9004F225C9EE}.Release|x64.ActiveCfg = Release|Any CPU
		{74880343-FD46-41CD-85AF-9004F225C9EE}.Release|x64.Build.0 = Release|Any CPU
		{74880343-FD46-41CD-85AF-9004F225C9EE}.Release|x86.ActiveCfg = Release|Any CPU
		{74880343-FD46-41CD-85AF-9004F225C9EE}.Release|x86.Build.0 = Release|Any CPU
		{F8E6704B-1587-499C-AE3B-EB8259543E10}.Debug|Any CPU.ActiveCfg = Debug|Any CPU
		{F8E6704B-1587-499C-AE3B-EB8259543E10}.Debug|Any CPU.Build.0 = Debug|Any CPU
		{F8E6704B-1587-499C-AE3B-EB8259543E10}.Debug|x64.ActiveCfg = Debug|Any CPU
		{F8E6704B-1587-499C-AE3B-EB8259543E10}.Debug|x64.Build.0 = Debug|Any CPU
		{F8E6704B-1587-499C-AE3B-EB8259543E10}.Debug|x86.ActiveCfg = Debug|Any CPU
		{F8E6704B-1587-499C-AE3B-EB8259543E10}.Debug|x86.Build.0 = Debug|Any CPU
		{F8E6704B-1587-499C-AE3B-EB8259543E10}.Release|Any CPU.ActiveCfg = Release|Any CPU
		{F8E6704B-1587-499C-AE3B-EB8259543E10}.Release|Any CPU.Build.0 = Release|Any CPU
		{F8E6704B-1587-499C-AE3B-EB8259543E10}.Release|x64.ActiveCfg = Release|Any CPU
		{F8E6704B-1587-499C-AE3B-EB8259543E10}.Release|x64.Build.0 = Release|Any CPU
		{F8E6704B-1587-499C-AE3B-EB8259543E10}.Release|x86.ActiveCfg = Release|Any CPU
		{F8E6704B-1587-499C-AE3B-EB8259543E10}.Release|x86.Build.0 = Release|Any CPU
	EndGlobalSection
	GlobalSection(SolutionProperties) = preSolution
		HideSolutionNode = FALSE
	EndGlobalSection
	GlobalSection(NestedProjects) = preSolution
		{4D55CCE7-114D-4E46-9D64-558ABCAAD7D1} = {DAD03CFC-D5FA-AC94-41C7-9ABAB326F09E}
		{4CEACDBD-C5B7-4079-A2B5-12815578F761} = {DAD03CFC-D5FA-AC94-41C7-9ABAB326F09E}
		{34202EFF-1F6B-4D8F-883E-AC503408ED75} = {DAD03CFC-D5FA-AC94-41C7-9ABAB326F09E}
		{BFB526BF-B96F-4D72-BA79-34C57AA3B81B} = {DAD03CFC-D5FA-AC94-41C7-9ABAB326F09E}
		{51EDBCF5-AF84-4210-B432-85FCB9A50108} = {DAD03CFC-D5FA-AC94-41C7-9ABAB326F09E}
		{74880343-FD46-41CD-85AF-9004F225C9EE} = {4F52FD11-658E-A102-6CD3-7D7C16FFA15B}
		{F8E6704B-1587-499C-AE3B-EB8259543E10} = {DAD03CFC-D5FA-AC94-41C7-9ABAB326F09E}
	EndGlobalSection
EndGlobal
