
Microsoft Visual Studio Solution File, Format Version 12.00
# Visual Studio Version 17
VisualStudioVersion = 17.0.31903.59
MinimumVisualStudioVersion = 10.0.40219.1
Project("{2150E333-8FDC-42A3-9474-1A3956D46DE8}") = "Server", "Server", "{DAD03CFC-D5FA-AC94-41C7-9ABAB326F09E}"
EndProject
Project("{2150E333-8FDC-42A3-9474-1A3956D46DE8}") = "Shared", "Shared", "{4F52FD11-658E-A102-6CD3-7D7C16FFA15B}"
EndProject
Project("{FAE04EC0-301F-11D3-BF4B-00C04F79EFBC}") = "CLI", "Server\CLI\CLI.csproj", "{42DCA338-BAD2-4C7D-958F-30F802B32717}"
EndProject
Project("{FAE04EC0-301F-11D3-BF4B-00C04F79EFBC}") = "Entities", "Server\Entities\Entities.csproj", "{A03A1DBC-569A-45A2-94D8-7769427E6371}"
EndProject
Project("{FAE04EC0-301F-11D3-BF4B-00C04F79EFBC}") = "FileRepositories", "Server\FileRepositories\FileRepositories.csproj", "{0692B2A3-E149-43AC-AB87-D94813930A73}"
EndProject
Project("{FAE04EC0-301F-11D3-BF4B-00C04F79EFBC}") = "InMemoryRepositories", "Server\InMemoryRepositories\InMemoryRepositories.csproj", "{70708C28-CE8D-40D0-9CAD-E41912223068}"
EndProject
Project("{FAE04EC0-301F-11D3-BF4B-00C04F79EFBC}") = "RepositoryContracts", "Server\RepositoryContracts\RepositoryContracts.csproj", "{C255F639-B043-4D55-A54B-2C15F3039D65}"
EndProject
Project("{FAE04EC0-301F-11D3-BF4B-00C04F79EFBC}") = "WebAPI", "Server\WebAPI\WebAPI.csproj", "{8C0F6F9C-EEFA-4B4D-932A-1BA649E4893B}"
EndProject
Project("{FAE04EC0-301F-11D3-BF4B-00C04F79EFBC}") = "DTOs", "Shared\DTOs\DTOs.csproj", "{B2DA8817-32A3-49EA-9793-78938BA1A514}"
EndProject
Project("{2150E333-8FDC-42A3-9474-1A3956D46DE8}") = "Client", "Client", "{2CB42F12-E813-91B3-7D11-3220E40BEF4A}"
EndProject
Project("{FAE04EC0-301F-11D3-BF4B-00C04F79EFBC}") = "BlazorApp", "Client\BlazorApp\BlazorApp.csproj", "{C389EB78-5948-4369-B56A-ABAEC9476376}"
EndProject
Global
	GlobalSection(SolutionConfigurationPlatforms) = preSolution
		Debug|Any CPU = Debug|Any CPU
		Debug|x64 = Debug|x64
		Debug|x86 = Debug|x86
		Release|Any CPU = Release|Any CPU
		Release|x64 = Release|x64
		Release|x86 = Release|x86
	EndGlobalSection
	GlobalSection(ProjectConfigurationPlatforms) = postSolution
		{42DCA338-BAD2-4C7D-958F-30F802B32717}.Debug|Any CPU.ActiveCfg = Debug|Any CPU
		{42DCA338-BAD2-4C7D-958F-30F802B32717}.Debug|Any CPU.Build.0 = Debug|Any CPU
		{42DCA338-BAD2-4C7D-958F-30F802B32717}.Debug|x64.ActiveCfg = Debug|Any CPU
		{42DCA338-BAD2-4C7D-958F-30F802B32717}.Debug|x64.Build.0 = Debug|Any CPU
		{42DCA338-BAD2-4C7D-958F-30F802B32717}.Debug|x86.ActiveCfg = Debug|Any CPU
		{42DCA338-BAD2-4C7D-958F-30F802B32717}.Debug|x86.Build.0 = Debug|Any CPU
		{42DCA338-BAD2-4C7D-958F-30F802B32717}.Release|Any CPU.ActiveCfg = Release|Any CPU
		{42DCA338-BAD2-4C7D-958F-30F802B32717}.Release|Any CPU.Build.0 = Release|Any CPU
		{42DCA338-BAD2-4C7D-958F-30F802B32717}.Release|x64.ActiveCfg = Release|Any CPU
		{42DCA338-BAD2-4C7D-958F-30F802B32717}.Release|x64.Build.0 = Release|Any CPU
		{42DCA338-BAD2-4C7D-958F-30F802B32717}.Release|x86.ActiveCfg = Release|Any CPU
		{42DCA338-BAD2-4C7D-958F-30F802B32717}.Release|x86.Build.0 = Release|Any CPU
		{A03A1DBC-569A-45A2-94D8-7769427E6371}.Debug|Any CPU.ActiveCfg = Debug|Any CPU
		{A03A1DBC-569A-45A2-94D8-7769427E6371}.Debug|Any CPU.Build.0 = Debug|Any CPU
		{A03A1DBC-569A-45A2-94D8-7769427E6371}.Debug|x64.ActiveCfg = Debug|Any CPU
		{A03A1DBC-569A-45A2-94D8-7769427E6371}.Debug|x64.Build.0 = Debug|Any CPU
		{A03A1DBC-569A-45A2-94D8-7769427E6371}.Debug|x86.ActiveCfg = Debug|Any CPU
		{A03A1DBC-569A-45A2-94D8-7769427E6371}.Debug|x86.Build.0 = Debug|Any CPU
		{A03A1DBC-569A-45A2-94D8-7769427E6371}.Release|Any CPU.ActiveCfg = Release|Any CPU
		{A03A1DBC-569A-45A2-94D8-7769427E6371}.Release|Any CPU.Build.0 = Release|Any CPU
		{A03A1DBC-569A-45A2-94D8-7769427E6371}.Release|x64.ActiveCfg = Release|Any CPU
		{A03A1DBC-569A-45A2-94D8-7769427E6371}.Release|x64.Build.0 = Release|Any CPU
		{A03A1DBC-569A-45A2-94D8-7769427E6371}.Release|x86.ActiveCfg = Release|Any CPU
		{A03A1DBC-569A-45A2-94D8-7769427E6371}.Release|x86.Build.0 = Release|Any CPU
		{0692B2A3-E149-43AC-AB87-D94813930A73}.Debug|Any CPU.ActiveCfg = Debug|Any CPU
		{0692B2A3-E149-43AC-AB87-D94813930A73}.Debug|Any CPU.Build.0 = Debug|Any CPU
		{0692B2A3-E149-43AC-AB87-D94813930A73}.Debug|x64.ActiveCfg = Debug|Any CPU
		{0692B2A3-E149-43AC-AB87-D94813930A73}.Debug|x64.Build.0 = Debug|Any CPU
		{0692B2A3-E149-43AC-AB87-D94813930A73}.Debug|x86.ActiveCfg = Debug|Any CPU
		{0692B2A3-E149-43AC-AB87-D94813930A73}.Debug|x86.Build.0 = Debug|Any CPU
		{0692B2A3-E149-43AC-AB87-D94813930A73}.Release|Any CPU.ActiveCfg = Release|Any CPU
		{0692B2A3-E149-43AC-AB87-D94813930A73}.Release|Any CPU.Build.0 = Release|Any CPU
		{0692B2A3-E149-43AC-AB87-D94813930A73}.Release|x64.ActiveCfg = Release|Any CPU
		{0692B2A3-E149-43AC-AB87-D94813930A73}.Release|x64.Build.0 = Release|Any CPU
		{0692B2A3-E149-43AC-AB87-D94813930A73}.Release|x86.ActiveCfg = Release|Any CPU
		{0692B2A3-E149-43AC-AB87-D94813930A73}.Release|x86.Build.0 = Release|Any CPU
		{70708C28-CE8D-40D0-9CAD-E41912223068}.Debug|Any CPU.ActiveCfg = Debug|Any CPU
		{70708C28-CE8D-40D0-9CAD-E41912223068}.Debug|Any CPU.Build.0 = Debug|Any CPU
		{70708C28-CE8D-40D0-9CAD-E41912223068}.Debug|x64.ActiveCfg = Debug|Any CPU
		{70708C28-CE8D-40D0-9CAD-E41912223068}.Debug|x64.Build.0 = Debug|Any CPU
		{70708C28-CE8D-40D0-9CAD-E41912223068}.Debug|x86.ActiveCfg = Debug|Any CPU
		{70708C28-CE8D-40D0-9CAD-E41912223068}.Debug|x86.Build.0 = Debug|Any CPU
		{70708C28-CE8D-40D0-9CAD-E41912223068}.Release|Any CPU.ActiveCfg = Release|Any CPU
		{70708C28-CE8D-40D0-9CAD-E41912223068}.Release|Any CPU.Build.0 = Release|Any CPU
		{70708C28-CE8D-40D0-9CAD-E41912223068}.Release|x64.ActiveCfg = Release|Any CPU
		{70708C28-CE8D-40D0-9CAD-E41912223068}.Release|x64.Build.0 = Release|Any CPU
		{70708C28-CE8D-40D0-9CAD-E41912223068}.Release|x86.ActiveCfg = Release|Any CPU
		{70708C28-CE8D-40D0-9CAD-E41912223068}.Release|x86.Build.0 = Release|Any CPU
		{C255F639-B043-4D55-A54B-2C15F3039D65}.Debug|Any CPU.ActiveCfg = Debug|Any CPU
		{C255F639-B043-4D55-A54B-2C15F3039D65}.Debug|Any CPU.Build.0 = Debug|Any CPU
		{C255F639-B043-4D55-A54B-2C15F3039D65}.Debug|x64.ActiveCfg = Debug|Any CPU
		{C255F639-B043-4D55-A54B-2C15F3039D65}.Debug|x64.Build.0 = Debug|Any CPU
		{C255F639-B043-4D55-A54B-2C15F3039D65}.Debug|x86.ActiveCfg = Debug|Any CPU
		{C255F639-B043-4D55-A54B-2C15F3039D65}.Debug|x86.Build.0 = Debug|Any CPU
		{C255F639-B043-4D55-A54B-2C15F3039D65}.Release|Any CPU.ActiveCfg = Release|Any CPU
		{C255F639-B043-4D55-A54B-2C15F3039D65}.Release|Any CPU.Build.0 = Release|Any CPU
		{C255F639-B043-4D55-A54B-2C15F3039D65}.Release|x64.ActiveCfg = Release|Any CPU
		{C255F639-B043-4D55-A54B-2C15F3039D65}.Release|x64.Build.0 = Release|Any CPU
		{C255F639-B043-4D55-A54B-2C15F3039D65}.Release|x86.ActiveCfg = Release|Any CPU
		{C255F639-B043-4D55-A54B-2C15F3039D65}.Release|x86.Build.0 = Release|Any CPU
		{8C0F6F9C-EEFA-4B4D-932A-1BA649E4893B}.Debug|Any CPU.ActiveCfg = Debug|Any CPU
		{8C0F6F9C-EEFA-4B4D-932A-1BA649E4893B}.Debug|Any CPU.Build.0 = Debug|Any CPU
		{8C0F6F9C-EEFA-4B4D-932A-1BA649E4893B}.Debug|x64.ActiveCfg = Debug|Any CPU
		{8C0F6F9C-EEFA-4B4D-932A-1BA649E4893B}.Debug|x64.Build.0 = Debug|Any CPU
		{8C0F6F9C-EEFA-4B4D-932A-1BA649E4893B}.Debug|x86.ActiveCfg = Debug|Any CPU
		{8C0F6F9C-EEFA-4B4D-932A-1BA649E4893B}.Debug|x86.Build.0 = Debug|Any CPU
		{8C0F6F9C-EEFA-4B4D-932A-1BA649E4893B}.Release|Any CPU.ActiveCfg = Release|Any CPU
		{8C0F6F9C-EEFA-4B4D-932A-1BA649E4893B}.Release|Any CPU.Build.0 = Release|Any CPU
		{8C0F6F9C-EEFA-4B4D-932A-1BA649E4893B}.Release|x64.ActiveCfg = Release|Any CPU
		{8C0F6F9C-EEFA-4B4D-932A-1BA649E4893B}.Release|x64.Build.0 = Release|Any CPU
		{8C0F6F9C-EEFA-4B4D-932A-1BA649E4893B}.Release|x86.ActiveCfg = Release|Any CPU
		{8C0F6F9C-EEFA-4B4D-932A-1BA649E4893B}.Release|x86.Build.0 = Release|Any CPU
		{B2DA8817-32A3-49EA-9793-78938BA1A514}.Debug|Any CPU.ActiveCfg = Debug|Any CPU
		{B2DA8817-32A3-49EA-9793-78938BA1A514}.Debug|Any CPU.Build.0 = Debug|Any CPU
		{B2DA8817-32A3-49EA-9793-78938BA1A514}.Debug|x64.ActiveCfg = Debug|Any CPU
		{B2DA8817-32A3-49EA-9793-78938BA1A514}.Debug|x64.Build.0 = Debug|Any CPU
		{B2DA8817-32A3-49EA-9793-78938BA1A514}.Debug|x86.ActiveCfg = Debug|Any CPU
		{B2DA8817-32A3-49EA-9793-78938BA1A514}.Debug|x86.Build.0 = Debug|Any CPU
		{B2DA8817-32A3-49EA-9793-78938BA1A514}.Release|Any CPU.ActiveCfg = Release|Any CPU
		{B2DA8817-32A3-49EA-9793-78938BA1A514}.Release|Any CPU.Build.0 = Release|Any CPU
		{B2DA8817-32A3-49EA-9793-78938BA1A514}.Release|x64.ActiveCfg = Release|Any CPU
		{B2DA8817-32A3-49EA-9793-78938BA1A514}.Release|x64.Build.0 = Release|Any CPU
		{B2DA8817-32A3-49EA-9793-78938BA1A514}.Release|x86.ActiveCfg = Release|Any CPU
		{B2DA8817-32A3-49EA-9793-78938BA1A514}.Release|x86.Build.0 = Release|Any CPU
		{C389EB78-5948-4369-B56A-ABAEC9476376}.Debug|Any CPU.ActiveCfg = Debug|Any CPU
		{C389EB78-5948-4369-B56A-ABAEC9476376}.Debug|Any CPU.Build.0 = Debug|Any CPU
		{C389EB78-5948-4369-B56A-ABAEC9476376}.Debug|x64.ActiveCfg = Debug|Any CPU
		{C389EB78-5948-4369-B56A-ABAEC9476376}.Debug|x64.Build.0 = Debug|Any CPU
		{C389EB78-5948-4369-B56A-ABAEC9476376}.Debug|x86.ActiveCfg = Debug|Any CPU
		{C389EB78-5948-4369-B56A-ABAEC9476376}.Debug|x86.Build.0 = Debug|Any CPU
		{C389EB78-5948-4369-B56A-ABAEC9476376}.Release|Any CPU.ActiveCfg = Release|Any CPU
		{C389EB78-5948-4369-B56A-ABAEC9476376}.Release|Any CPU.Build.0 = Release|Any CPU
		{C389EB78-5948-4369-B56A-ABAEC9476376}.Release|x64.ActiveCfg = Release|Any CPU
		{C389EB78-5948-4369-B56A-ABAEC9476376}.Release|x64.Build.0 = Release|Any CPU
		{C389EB78-5948-4369-B56A-ABAEC9476376}.Release|x86.ActiveCfg = Release|Any CPU
		{C389EB78-5948-4369-B56A-ABAEC9476376}.Release|x86.Build.0 = Release|Any CPU
	EndGlobalSection
	GlobalSection(SolutionProperties) = preSolution
		HideSolutionNode = FALSE
	EndGlobalSection
	GlobalSection(NestedProjects) = preSolution
		{42DCA338-BAD2-4C7D-958F-30F802B32717} = {DAD03CFC-D5FA-AC94-41C7-9ABAB326F09E}
		{A03A1DBC-569A-45A2-94D8-7769427E6371} = {DAD03CFC-D5FA-AC94-41C7-9ABAB326F09E}
		{0692B2A3-E149-43AC-AB87-D94813930A73} = {DAD03CFC-D5FA-AC94-41C7-9ABAB326F09E}
		{70708C28-CE8D-40D0-9CAD-E41912223068} = {DAD03CFC-D5FA-AC94-41C7-9ABAB326F09E}
		{C255F639-B043-4D55-A54B-2C15F3039D65} = {DAD03CFC-D5FA-AC94-41C7-9ABAB326F09E}
		{8C0F6F9C-EEFA-4B4D-932A-1BA649E4893B} = {DAD03CFC-D5FA-AC94-41C7-9ABAB326F09E}
		{B2DA8817-32A3-49EA-9793-78938BA1A514} = {4F52FD11-658E-A102-6CD3-7D7C16FFA15B}
		{C389EB78-5948-4369-B56A-ABAEC9476376} = {2CB42F12-E813-91B3-7D11-3220E40BEF4A}
	EndGlobalSection
EndGlobal
